// !$*UTF8*$!
{
	archiveVersion = 1;
	classes = {
	};
	objectVersion = 50;
	objects = {

/* Begin PBXBuildFile section */
		2F938BA82576A76400C4E490 /* Mandala.storyboard in Resources */ = {isa = PBXBuildFile; fileRef = 2F938BA72576A76400C4E490 /* Mandala.storyboard */; };
		2F938BB52576C52200C4E490 /* MandalaViewController.swift in Sources */ = {isa = PBXBuildFile; fileRef = 2F938BB42576C52200C4E490 /* MandalaViewController.swift */; };
		2F93A521257AA9CD00E11495 /* MandalaInfoTableViewCell.swift in Sources */ = {isa = PBXBuildFile; fileRef = 2F93A51F257AA9CD00E11495 /* MandalaInfoTableViewCell.swift */; };
		2F93A522257AA9CD00E11495 /* MandalaInfoTableViewCell.xib in Resources */ = {isa = PBXBuildFile; fileRef = 2F93A520257AA9CD00E11495 /* MandalaInfoTableViewCell.xib */; };
		2F93A527257AB05F00E11495 /* MandalaInfoViewController.swift in Sources */ = {isa = PBXBuildFile; fileRef = 2F93A526257AB05F00E11495 /* MandalaInfoViewController.swift */; };
		2F93A52D257AB3AB00E11495 /* Debug.swift in Sources */ = {isa = PBXBuildFile; fileRef = 2F93A52C257AB3AB00E11495 /* Debug.swift */; };
		2F93A533257ACA1600E11495 /* ManadalaTableViewCell.swift in Sources */ = {isa = PBXBuildFile; fileRef = 2F93A531257ACA1600E11495 /* ManadalaTableViewCell.swift */; };
		2F93A534257ACA1600E11495 /* ManadalaTableViewCell.xib in Resources */ = {isa = PBXBuildFile; fileRef = 2F93A532257ACA1600E11495 /* ManadalaTableViewCell.xib */; };
		2FE7040F256EBF5C00B45F5C /* PillarCollectionViewCell.swift in Sources */ = {isa = PBXBuildFile; fileRef = 2FE7040D256EBF5C00B45F5C /* PillarCollectionViewCell.swift */; };
		2FE70410256EBF5C00B45F5C /* PillarCollectionViewCell.xib in Resources */ = {isa = PBXBuildFile; fileRef = 2FE7040E256EBF5C00B45F5C /* PillarCollectionViewCell.xib */; };
		563F7982256D89AC004F6155 /* JSONManager.swift in Sources */ = {isa = PBXBuildFile; fileRef = 563F7981256D89AC004F6155 /* JSONManager.swift */; };
		563F7985256D8A67004F6155 /* QueueManager.swift in Sources */ = {isa = PBXBuildFile; fileRef = 563F7984256D8A67004F6155 /* QueueManager.swift */; };
		563F7994256D97FC004F6155 /* forms.json in Resources */ = {isa = PBXBuildFile; fileRef = 563F7993256D97FC004F6155 /* forms.json */; };
		565A401825683F4E00591112 /* AppDelegate.swift in Sources */ = {isa = PBXBuildFile; fileRef = 565A401725683F4E00591112 /* AppDelegate.swift */; };
		565A401A25683F4E00591112 /* SceneDelegate.swift in Sources */ = {isa = PBXBuildFile; fileRef = 565A401925683F4E00591112 /* SceneDelegate.swift */; };
		565A401C25683F4E00591112 /* ViewController.swift in Sources */ = {isa = PBXBuildFile; fileRef = 565A401B25683F4E00591112 /* ViewController.swift */; };
		565A401F25683F4E00591112 /* Main.storyboard in Resources */ = {isa = PBXBuildFile; fileRef = 565A401D25683F4E00591112 /* Main.storyboard */; };
		565A402125683F5100591112 /* Assets.xcassets in Resources */ = {isa = PBXBuildFile; fileRef = 565A402025683F5100591112 /* Assets.xcassets */; };
		565A402425683F5100591112 /* LaunchScreen.storyboard in Resources */ = {isa = PBXBuildFile; fileRef = 565A402225683F5100591112 /* LaunchScreen.storyboard */; };
		56683228256EDFEE005157B3 /* CollapsableSectionViewController.swift in Sources */ = {isa = PBXBuildFile; fileRef = 56683227256EDFEE005157B3 /* CollapsableSectionViewController.swift */; };
		5668322B256EE02A005157B3 /* Second.storyboard in Resources */ = {isa = PBXBuildFile; fileRef = 5668322A256EE02A005157B3 /* Second.storyboard */; };
		56683230256EE762005157B3 /* TableHeaderFooterView.swift in Sources */ = {isa = PBXBuildFile; fileRef = 5668322F256EE762005157B3 /* TableHeaderFooterView.swift */; };
		56857B76256C3F7B00EFD62C /* Question.swift in Sources */ = {isa = PBXBuildFile; fileRef = 56857B75256C3F7B00EFD62C /* Question.swift */; };
		56857B7A256C3F8B00EFD62C /* Alternative.swift in Sources */ = {isa = PBXBuildFile; fileRef = 56857B79256C3F8B00EFD62C /* Alternative.swift */; };
		56857B7D256C422300EFD62C /* Form.swift in Sources */ = {isa = PBXBuildFile; fileRef = 56857B7C256C422300EFD62C /* Form.swift */; };
		56CDC0B6257025BC00224F9A /* TableHeaderFooterView.xib in Resources */ = {isa = PBXBuildFile; fileRef = 56CDC0B5257025BC00224F9A /* TableHeaderFooterView.xib */; };
		AD87037C256EFFAA00C10AB6 /* AlternativeCell.swift in Sources */ = {isa = PBXBuildFile; fileRef = AD87037A256EFFAA00C10AB6 /* AlternativeCell.swift */; };
		AD87037D256EFFAA00C10AB6 /* AlternativeCell.xib in Resources */ = {isa = PBXBuildFile; fileRef = AD87037B256EFFAA00C10AB6 /* AlternativeCell.xib */; };
/* End PBXBuildFile section */

/* Begin PBXFileReference section */
		2F938BA72576A76400C4E490 /* Mandala.storyboard */ = {isa = PBXFileReference; lastKnownFileType = file.storyboard; path = Mandala.storyboard; sourceTree = "<group>"; };
		2F938BB42576C52200C4E490 /* MandalaViewController.swift */ = {isa = PBXFileReference; lastKnownFileType = sourcecode.swift; path = MandalaViewController.swift; sourceTree = "<group>"; };
		2F93A51F257AA9CD00E11495 /* MandalaInfoTableViewCell.swift */ = {isa = PBXFileReference; lastKnownFileType = sourcecode.swift; path = MandalaInfoTableViewCell.swift; sourceTree = "<group>"; };
		2F93A520257AA9CD00E11495 /* MandalaInfoTableViewCell.xib */ = {isa = PBXFileReference; lastKnownFileType = file.xib; path = MandalaInfoTableViewCell.xib; sourceTree = "<group>"; };
		2F93A526257AB05F00E11495 /* MandalaInfoViewController.swift */ = {isa = PBXFileReference; lastKnownFileType = sourcecode.swift; path = MandalaInfoViewController.swift; sourceTree = "<group>"; };
		2F93A52C257AB3AB00E11495 /* Debug.swift */ = {isa = PBXFileReference; lastKnownFileType = sourcecode.swift; path = Debug.swift; sourceTree = "<group>"; };
		2F93A531257ACA1600E11495 /* ManadalaTableViewCell.swift */ = {isa = PBXFileReference; lastKnownFileType = sourcecode.swift; path = ManadalaTableViewCell.swift; sourceTree = "<group>"; };
		2F93A532257ACA1600E11495 /* ManadalaTableViewCell.xib */ = {isa = PBXFileReference; lastKnownFileType = file.xib; path = ManadalaTableViewCell.xib; sourceTree = "<group>"; };
		2FE7040D256EBF5C00B45F5C /* PillarCollectionViewCell.swift */ = {isa = PBXFileReference; lastKnownFileType = sourcecode.swift; path = PillarCollectionViewCell.swift; sourceTree = "<group>"; };
		2FE7040E256EBF5C00B45F5C /* PillarCollectionViewCell.xib */ = {isa = PBXFileReference; lastKnownFileType = file.xib; path = PillarCollectionViewCell.xib; sourceTree = "<group>"; };
		563F7981256D89AC004F6155 /* JSONManager.swift */ = {isa = PBXFileReference; fileEncoding = 4; lastKnownFileType = sourcecode.swift; path = JSONManager.swift; sourceTree = "<group>"; };
		563F7984256D8A67004F6155 /* QueueManager.swift */ = {isa = PBXFileReference; fileEncoding = 4; lastKnownFileType = sourcecode.swift; path = QueueManager.swift; sourceTree = "<group>"; };
		563F7993256D97FC004F6155 /* forms.json */ = {isa = PBXFileReference; fileEncoding = 4; lastKnownFileType = text.json; path = forms.json; sourceTree = "<group>"; };
		565A401425683F4E00591112 /* formAndBiologicAgePOC.app */ = {isa = PBXFileReference; explicitFileType = wrapper.application; includeInIndex = 0; path = formAndBiologicAgePOC.app; sourceTree = BUILT_PRODUCTS_DIR; };
		565A401725683F4E00591112 /* AppDelegate.swift */ = {isa = PBXFileReference; lastKnownFileType = sourcecode.swift; path = AppDelegate.swift; sourceTree = "<group>"; };
		565A401925683F4E00591112 /* SceneDelegate.swift */ = {isa = PBXFileReference; lastKnownFileType = sourcecode.swift; path = SceneDelegate.swift; sourceTree = "<group>"; };
		565A401B25683F4E00591112 /* ViewController.swift */ = {isa = PBXFileReference; lastKnownFileType = sourcecode.swift; path = ViewController.swift; sourceTree = "<group>"; };
		565A401E25683F4E00591112 /* Base */ = {isa = PBXFileReference; lastKnownFileType = file.storyboard; name = Base; path = Base.lproj/Main.storyboard; sourceTree = "<group>"; };
		565A402025683F5100591112 /* Assets.xcassets */ = {isa = PBXFileReference; lastKnownFileType = folder.assetcatalog; path = Assets.xcassets; sourceTree = "<group>"; };
		565A402325683F5100591112 /* Base */ = {isa = PBXFileReference; lastKnownFileType = file.storyboard; name = Base; path = Base.lproj/LaunchScreen.storyboard; sourceTree = "<group>"; };
		565A402525683F5100591112 /* Info.plist */ = {isa = PBXFileReference; lastKnownFileType = text.plist.xml; path = Info.plist; sourceTree = "<group>"; };
		56683227256EDFEE005157B3 /* CollapsableSectionViewController.swift */ = {isa = PBXFileReference; lastKnownFileType = sourcecode.swift; path = CollapsableSectionViewController.swift; sourceTree = "<group>"; };
		5668322A256EE02A005157B3 /* Second.storyboard */ = {isa = PBXFileReference; lastKnownFileType = file.storyboard; path = Second.storyboard; sourceTree = "<group>"; };
		5668322F256EE762005157B3 /* TableHeaderFooterView.swift */ = {isa = PBXFileReference; lastKnownFileType = sourcecode.swift; path = TableHeaderFooterView.swift; sourceTree = "<group>"; };
		56857B75256C3F7B00EFD62C /* Question.swift */ = {isa = PBXFileReference; lastKnownFileType = sourcecode.swift; path = Question.swift; sourceTree = "<group>"; };
		56857B79256C3F8B00EFD62C /* Alternative.swift */ = {isa = PBXFileReference; lastKnownFileType = sourcecode.swift; path = Alternative.swift; sourceTree = "<group>"; };
		56857B7C256C422300EFD62C /* Form.swift */ = {isa = PBXFileReference; lastKnownFileType = sourcecode.swift; path = Form.swift; sourceTree = "<group>"; };
		56CDC0B5257025BC00224F9A /* TableHeaderFooterView.xib */ = {isa = PBXFileReference; lastKnownFileType = file.xib; path = TableHeaderFooterView.xib; sourceTree = "<group>"; };
		AD87037A256EFFAA00C10AB6 /* AlternativeCell.swift */ = {isa = PBXFileReference; lastKnownFileType = sourcecode.swift; path = AlternativeCell.swift; sourceTree = "<group>"; };
		AD87037B256EFFAA00C10AB6 /* AlternativeCell.xib */ = {isa = PBXFileReference; lastKnownFileType = file.xib; path = AlternativeCell.xib; sourceTree = "<group>"; };
/* End PBXFileReference section */

/* Begin PBXFrameworksBuildPhase section */
		565A401125683F4E00591112 /* Frameworks */ = {
			isa = PBXFrameworksBuildPhase;
			buildActionMask = 2147483647;
			files = (
			);
			runOnlyForDeploymentPostprocessing = 0;
		};
/* End PBXFrameworksBuildPhase section */

/* Begin PBXGroup section */
		2F938BAD2576C3EF00C4E490 /* Resources */ = {
			isa = PBXGroup;
			children = (
				563F7993256D97FC004F6155 /* forms.json */,
			);
			path = Resources;
			sourceTree = "<group>";
		};
		2F938BAE2576C41D00C4E490 /* PillarCell */ = {
			isa = PBXGroup;
			children = (
				2FE7040D256EBF5C00B45F5C /* PillarCollectionViewCell.swift */,
				2FE7040E256EBF5C00B45F5C /* PillarCollectionViewCell.xib */,
			);
			path = PillarCell;
			sourceTree = "<group>";
		};
		2F938BAF2576C44300C4E490 /* Storyboards */ = {
			isa = PBXGroup;
			children = (
				565A401D25683F4E00591112 /* Main.storyboard */,
				2F938BA72576A76400C4E490 /* Mandala.storyboard */,
				5668322A256EE02A005157B3 /* Second.storyboard */,
			);
			path = Storyboards;
			sourceTree = "<group>";
		};
		2F938BB02576C46700C4E490 /* Controller */ = {
			isa = PBXGroup;
			children = (
				565A401B25683F4E00591112 /* ViewController.swift */,
				56683227256EDFEE005157B3 /* CollapsableSectionViewController.swift */,
				2F938BB42576C52200C4E490 /* MandalaViewController.swift */,
				2F93A526257AB05F00E11495 /* MandalaInfoViewController.swift */,
			);
			path = Controller;
			sourceTree = "<group>";
		};
		2F938BB12576C48100C4E490 /* iOS */ = {
			isa = PBXGroup;
			children = (
				565A401925683F4E00591112 /* SceneDelegate.swift */,
				565A401725683F4E00591112 /* AppDelegate.swift */,
			);
			path = iOS;
			sourceTree = "<group>";
		};
		2F938BB22576C4AB00C4E490 /* Manager */ = {
			isa = PBXGroup;
			children = (
				563F7984256D8A67004F6155 /* QueueManager.swift */,
				563F7981256D89AC004F6155 /* JSONManager.swift */,
			);
			path = Manager;
			sourceTree = "<group>";
		};
		2F93A51E257AA9AC00E11495 /* MandalaInfo */ = {
			isa = PBXGroup;
			children = (
				2F93A51F257AA9CD00E11495 /* MandalaInfoTableViewCell.swift */,
				2F93A520257AA9CD00E11495 /* MandalaInfoTableViewCell.xib */,
			);
			path = MandalaInfo;
			sourceTree = "<group>";
		};
		2F93A52A257AB39B00E11495 /* Utils */ = {
			isa = PBXGroup;
			children = (
				2F938BB22576C4AB00C4E490 /* Manager */,
				2F93A52C257AB3AB00E11495 /* Debug.swift */,
			);
			path = Utils;
			sourceTree = "<group>";
		};
		2F93A530257AC9DA00E11495 /* MandalaCell */ = {
			isa = PBXGroup;
			children = (
				2F93A531257ACA1600E11495 /* ManadalaTableViewCell.swift */,
				2F93A532257ACA1600E11495 /* ManadalaTableViewCell.xib */,
			);
			path = MandalaCell;
			sourceTree = "<group>";
		};
		2FE70408256EBF1700B45F5C /* View */ = {
			isa = PBXGroup;
			children = (
				2F93A530257AC9DA00E11495 /* MandalaCell */,
				2F93A51E257AA9AC00E11495 /* MandalaInfo */,
				AD870379256EFF1D00C10AB6 /* AlternativeCell */,
				56CDC0B9257025C800224F9A /* QuestionHeader */,
				2F938BAE2576C41D00C4E490 /* PillarCell */,
			);
			path = View;
			sourceTree = "<group>";
		};
		565A400B25683F4E00591112 = {
			isa = PBXGroup;
			children = (
				565A401625683F4E00591112 /* formAndBiologicAgePOC */,
				565A401525683F4E00591112 /* Products */,
			);
			sourceTree = "<group>";
		};
		565A401525683F4E00591112 /* Products */ = {
			isa = PBXGroup;
			children = (
				565A401425683F4E00591112 /* formAndBiologicAgePOC.app */,
			);
			name = Products;
			sourceTree = "<group>";
		};
		565A401625683F4E00591112 /* formAndBiologicAgePOC */ = {
			isa = PBXGroup;
			children = (
				56857B74256C3F6700EFD62C /* Model */,
				2FE70408256EBF1700B45F5C /* View */,
				2F93A52A257AB39B00E11495 /* Utils */,
				2F938BB02576C46700C4E490 /* Controller */,
				2F938BAF2576C44300C4E490 /* Storyboards */,
				565A402025683F5100591112 /* Assets.xcassets */,
				2F938BAD2576C3EF00C4E490 /* Resources */,
				2F938BB12576C48100C4E490 /* iOS */,
				565A402225683F5100591112 /* LaunchScreen.storyboard */,
				565A402525683F5100591112 /* Info.plist */,
			);
			path = formAndBiologicAgePOC;
			sourceTree = "<group>";
		};
		56857B74256C3F6700EFD62C /* Model */ = {
			isa = PBXGroup;
			children = (
				56857B75256C3F7B00EFD62C /* Question.swift */,
				56857B79256C3F8B00EFD62C /* Alternative.swift */,
				56857B7C256C422300EFD62C /* Form.swift */,
			);
			path = Model;
			sourceTree = "<group>";
		};
		56CDC0B9257025C800224F9A /* QuestionHeader */ = {
			isa = PBXGroup;
			children = (
				56CDC0B5257025BC00224F9A /* TableHeaderFooterView.xib */,
				5668322F256EE762005157B3 /* TableHeaderFooterView.swift */,
			);
			path = QuestionHeader;
			sourceTree = "<group>";
		};
		AD870379256EFF1D00C10AB6 /* AlternativeCell */ = {
			isa = PBXGroup;
			children = (
				AD87037A256EFFAA00C10AB6 /* AlternativeCell.swift */,
				AD87037B256EFFAA00C10AB6 /* AlternativeCell.xib */,
			);
			path = AlternativeCell;
			sourceTree = "<group>";
		};
/* End PBXGroup section */

/* Begin PBXNativeTarget section */
		565A401325683F4E00591112 /* formAndBiologicAgePOC */ = {
			isa = PBXNativeTarget;
			buildConfigurationList = 565A402825683F5100591112 /* Build configuration list for PBXNativeTarget "formAndBiologicAgePOC" */;
			buildPhases = (
				565A401025683F4E00591112 /* Sources */,
				565A401125683F4E00591112 /* Frameworks */,
				565A401225683F4E00591112 /* Resources */,
			);
			buildRules = (
			);
			dependencies = (
			);
			name = formAndBiologicAgePOC;
			productName = formAndBiologicAgePOC;
			productReference = 565A401425683F4E00591112 /* formAndBiologicAgePOC.app */;
			productType = "com.apple.product-type.application";
		};
/* End PBXNativeTarget section */

/* Begin PBXProject section */
		565A400C25683F4E00591112 /* Project object */ = {
			isa = PBXProject;
			attributes = {
				LastSwiftUpdateCheck = 1220;
				LastUpgradeCheck = 1220;
				TargetAttributes = {
					565A401325683F4E00591112 = {
						CreatedOnToolsVersion = 12.2;
					};
				};
			};
			buildConfigurationList = 565A400F25683F4E00591112 /* Build configuration list for PBXProject "formAndBiologicAgePOC" */;
			compatibilityVersion = "Xcode 9.3";
			developmentRegion = en;
			hasScannedForEncodings = 0;
			knownRegions = (
				en,
				Base,
			);
			mainGroup = 565A400B25683F4E00591112;
			productRefGroup = 565A401525683F4E00591112 /* Products */;
			projectDirPath = "";
			projectRoot = "";
			targets = (
				565A401325683F4E00591112 /* formAndBiologicAgePOC */,
			);
		};
/* End PBXProject section */

/* Begin PBXResourcesBuildPhase section */
		565A401225683F4E00591112 /* Resources */ = {
			isa = PBXResourcesBuildPhase;
			buildActionMask = 2147483647;
			files = (
				2FE70410256EBF5C00B45F5C /* PillarCollectionViewCell.xib in Resources */,
				565A402425683F5100591112 /* LaunchScreen.storyboard in Resources */,
				2F93A522257AA9CD00E11495 /* MandalaInfoTableViewCell.xib in Resources */,
				2F93A534257ACA1600E11495 /* ManadalaTableViewCell.xib in Resources */,
				2F938BA82576A76400C4E490 /* Mandala.storyboard in Resources */,
				563F7994256D97FC004F6155 /* forms.json in Resources */,
				565A402125683F5100591112 /* Assets.xcassets in Resources */,
				5668322B256EE02A005157B3 /* Second.storyboard in Resources */,
				565A401F25683F4E00591112 /* Main.storyboard in Resources */,
				AD87037D256EFFAA00C10AB6 /* AlternativeCell.xib in Resources */,
				56CDC0B6257025BC00224F9A /* TableHeaderFooterView.xib in Resources */,
			);
			runOnlyForDeploymentPostprocessing = 0;
		};
/* End PBXResourcesBuildPhase section */

/* Begin PBXSourcesBuildPhase section */
		565A401025683F4E00591112 /* Sources */ = {
			isa = PBXSourcesBuildPhase;
			buildActionMask = 2147483647;
			files = (
				2FE7040F256EBF5C00B45F5C /* PillarCollectionViewCell.swift in Sources */,
				2F938BB52576C52200C4E490 /* MandalaViewController.swift in Sources */,
				565A401C25683F4E00591112 /* ViewController.swift in Sources */,
				563F7982256D89AC004F6155 /* JSONManager.swift in Sources */,
				56857B76256C3F7B00EFD62C /* Question.swift in Sources */,
				56683230256EE762005157B3 /* TableHeaderFooterView.swift in Sources */,
				56683228256EDFEE005157B3 /* CollapsableSectionViewController.swift in Sources */,
				565A401825683F4E00591112 /* AppDelegate.swift in Sources */,
				56857B7A256C3F8B00EFD62C /* Alternative.swift in Sources */,
				2F93A533257ACA1600E11495 /* ManadalaTableViewCell.swift in Sources */,
				AD87037C256EFFAA00C10AB6 /* AlternativeCell.swift in Sources */,
				563F7985256D8A67004F6155 /* QueueManager.swift in Sources */,
				565A401A25683F4E00591112 /* SceneDelegate.swift in Sources */,
				2F93A521257AA9CD00E11495 /* MandalaInfoTableViewCell.swift in Sources */,
				2F93A52D257AB3AB00E11495 /* Debug.swift in Sources */,
				2F93A527257AB05F00E11495 /* MandalaInfoViewController.swift in Sources */,
				56857B7D256C422300EFD62C /* Form.swift in Sources */,
			);
			runOnlyForDeploymentPostprocessing = 0;
		};
/* End PBXSourcesBuildPhase section */

/* Begin PBXVariantGroup section */
		565A401D25683F4E00591112 /* Main.storyboard */ = {
			isa = PBXVariantGroup;
			children = (
				565A401E25683F4E00591112 /* Base */,
			);
			name = Main.storyboard;
			sourceTree = "<group>";
		};
		565A402225683F5100591112 /* LaunchScreen.storyboard */ = {
			isa = PBXVariantGroup;
			children = (
				565A402325683F5100591112 /* Base */,
			);
			name = LaunchScreen.storyboard;
			sourceTree = "<group>";
		};
/* End PBXVariantGroup section */

/* Begin XCBuildConfiguration section */
		565A402625683F5100591112 /* Debug */ = {
			isa = XCBuildConfiguration;
			buildSettings = {
				ALWAYS_SEARCH_USER_PATHS = NO;
				CLANG_ANALYZER_NONNULL = YES;
				CLANG_ANALYZER_NUMBER_OBJECT_CONVERSION = YES_AGGRESSIVE;
				CLANG_CXX_LANGUAGE_STANDARD = "gnu++14";
				CLANG_CXX_LIBRARY = "libc++";
				CLANG_ENABLE_MODULES = YES;
				CLANG_ENABLE_OBJC_ARC = YES;
				CLANG_ENABLE_OBJC_WEAK = YES;
				CLANG_WARN_BLOCK_CAPTURE_AUTORELEASING = YES;
				CLANG_WARN_BOOL_CONVERSION = YES;
				CLANG_WARN_COMMA = YES;
				CLANG_WARN_CONSTANT_CONVERSION = YES;
				CLANG_WARN_DEPRECATED_OBJC_IMPLEMENTATIONS = YES;
				CLANG_WARN_DIRECT_OBJC_ISA_USAGE = YES_ERROR;
				CLANG_WARN_DOCUMENTATION_COMMENTS = YES;
				CLANG_WARN_EMPTY_BODY = YES;
				CLANG_WARN_ENUM_CONVERSION = YES;
				CLANG_WARN_INFINITE_RECURSION = YES;
				CLANG_WARN_INT_CONVERSION = YES;
				CLANG_WARN_NON_LITERAL_NULL_CONVERSION = YES;
				CLANG_WARN_OBJC_IMPLICIT_RETAIN_SELF = YES;
				CLANG_WARN_OBJC_LITERAL_CONVERSION = YES;
				CLANG_WARN_OBJC_ROOT_CLASS = YES_ERROR;
				CLANG_WARN_QUOTED_INCLUDE_IN_FRAMEWORK_HEADER = YES;
				CLANG_WARN_RANGE_LOOP_ANALYSIS = YES;
				CLANG_WARN_STRICT_PROTOTYPES = YES;
				CLANG_WARN_SUSPICIOUS_MOVE = YES;
				CLANG_WARN_UNGUARDED_AVAILABILITY = YES_AGGRESSIVE;
				CLANG_WARN_UNREACHABLE_CODE = YES;
				CLANG_WARN__DUPLICATE_METHOD_MATCH = YES;
				COPY_PHASE_STRIP = NO;
				DEBUG_INFORMATION_FORMAT = dwarf;
				ENABLE_STRICT_OBJC_MSGSEND = YES;
				ENABLE_TESTABILITY = YES;
				GCC_C_LANGUAGE_STANDARD = gnu11;
				GCC_DYNAMIC_NO_PIC = NO;
				GCC_NO_COMMON_BLOCKS = YES;
				GCC_OPTIMIZATION_LEVEL = 0;
				GCC_PREPROCESSOR_DEFINITIONS = (
					"DEBUG=1",
					"$(inherited)",
				);
				GCC_WARN_64_TO_32_BIT_CONVERSION = YES;
				GCC_WARN_ABOUT_RETURN_TYPE = YES_ERROR;
				GCC_WARN_UNDECLARED_SELECTOR = YES;
				GCC_WARN_UNINITIALIZED_AUTOS = YES_AGGRESSIVE;
				GCC_WARN_UNUSED_FUNCTION = YES;
				GCC_WARN_UNUSED_VARIABLE = YES;
				IPHONEOS_DEPLOYMENT_TARGET = 12.0;
				MTL_ENABLE_DEBUG_INFO = INCLUDE_SOURCE;
				MTL_FAST_MATH = YES;
				ONLY_ACTIVE_ARCH = YES;
				SDKROOT = iphoneos;
				SWIFT_ACTIVE_COMPILATION_CONDITIONS = DEBUG;
				SWIFT_OPTIMIZATION_LEVEL = "-Onone";
			};
			name = Debug;
		};
		565A402725683F5100591112 /* Release */ = {
			isa = XCBuildConfiguration;
			buildSettings = {
				ALWAYS_SEARCH_USER_PATHS = NO;
				CLANG_ANALYZER_NONNULL = YES;
				CLANG_ANALYZER_NUMBER_OBJECT_CONVERSION = YES_AGGRESSIVE;
				CLANG_CXX_LANGUAGE_STANDARD = "gnu++14";
				CLANG_CXX_LIBRARY = "libc++";
				CLANG_ENABLE_MODULES = YES;
				CLANG_ENABLE_OBJC_ARC = YES;
				CLANG_ENABLE_OBJC_WEAK = YES;
				CLANG_WARN_BLOCK_CAPTURE_AUTORELEASING = YES;
				CLANG_WARN_BOOL_CONVERSION = YES;
				CLANG_WARN_COMMA = YES;
				CLANG_WARN_CONSTANT_CONVERSION = YES;
				CLANG_WARN_DEPRECATED_OBJC_IMPLEMENTATIONS = YES;
				CLANG_WARN_DIRECT_OBJC_ISA_USAGE = YES_ERROR;
				CLANG_WARN_DOCUMENTATION_COMMENTS = YES;
				CLANG_WARN_EMPTY_BODY = YES;
				CLANG_WARN_ENUM_CONVERSION = YES;
				CLANG_WARN_INFINITE_RECURSION = YES;
				CLANG_WARN_INT_CONVERSION = YES;
				CLANG_WARN_NON_LITERAL_NULL_CONVERSION = YES;
				CLANG_WARN_OBJC_IMPLICIT_RETAIN_SELF = YES;
				CLANG_WARN_OBJC_LITERAL_CONVERSION = YES;
				CLANG_WARN_OBJC_ROOT_CLASS = YES_ERROR;
				CLANG_WARN_QUOTED_INCLUDE_IN_FRAMEWORK_HEADER = YES;
				CLANG_WARN_RANGE_LOOP_ANALYSIS = YES;
				CLANG_WARN_STRICT_PROTOTYPES = YES;
				CLANG_WARN_SUSPICIOUS_MOVE = YES;
				CLANG_WARN_UNGUARDED_AVAILABILITY = YES_AGGRESSIVE;
				CLANG_WARN_UNREACHABLE_CODE = YES;
				CLANG_WARN__DUPLICATE_METHOD_MATCH = YES;
				COPY_PHASE_STRIP = NO;
				DEBUG_INFORMATION_FORMAT = "dwarf-with-dsym";
				ENABLE_NS_ASSERTIONS = NO;
				ENABLE_STRICT_OBJC_MSGSEND = YES;
				GCC_C_LANGUAGE_STANDARD = gnu11;
				GCC_NO_COMMON_BLOCKS = YES;
				GCC_WARN_64_TO_32_BIT_CONVERSION = YES;
				GCC_WARN_ABOUT_RETURN_TYPE = YES_ERROR;
				GCC_WARN_UNDECLARED_SELECTOR = YES;
				GCC_WARN_UNINITIALIZED_AUTOS = YES_AGGRESSIVE;
				GCC_WARN_UNUSED_FUNCTION = YES;
				GCC_WARN_UNUSED_VARIABLE = YES;
				IPHONEOS_DEPLOYMENT_TARGET = 12.0;
				MTL_ENABLE_DEBUG_INFO = NO;
				MTL_FAST_MATH = YES;
				SDKROOT = iphoneos;
				SWIFT_COMPILATION_MODE = wholemodule;
				SWIFT_OPTIMIZATION_LEVEL = "-O";
				VALIDATE_PRODUCT = YES;
			};
			name = Release;
		};
		565A402925683F5100591112 /* Debug */ = {
			isa = XCBuildConfiguration;
			buildSettings = {
				ASSETCATALOG_COMPILER_APPICON_NAME = AppIcon;
				ASSETCATALOG_COMPILER_GLOBAL_ACCENT_COLOR_NAME = AccentColor;
				CODE_SIGN_STYLE = Automatic;
				DEVELOPMENT_TEAM = VZ4Y7Q4FJ2;
				INFOPLIST_FILE = formAndBiologicAgePOC/Info.plist;
				IPHONEOS_DEPLOYMENT_TARGET = 12.0;
				LD_RUNPATH_SEARCH_PATHS = (
					"$(inherited)",
					"@executable_path/Frameworks",
				);
				PRODUCT_BUNDLE_IDENTIFIER = residency.poc.formAndBiologicAgePOC;
				PRODUCT_NAME = "$(TARGET_NAME)";
				SWIFT_VERSION = 5.0;
				TARGETED_DEVICE_FAMILY = 1;
			};
			name = Debug;
		};
		565A402A25683F5100591112 /* Release */ = {
			isa = XCBuildConfiguration;
			buildSettings = {
				ASSETCATALOG_COMPILER_APPICON_NAME = AppIcon;
				ASSETCATALOG_COMPILER_GLOBAL_ACCENT_COLOR_NAME = AccentColor;
				CODE_SIGN_STYLE = Automatic;
				DEVELOPMENT_TEAM = VZ4Y7Q4FJ2;
				INFOPLIST_FILE = formAndBiologicAgePOC/Info.plist;
				IPHONEOS_DEPLOYMENT_TARGET = 12.0;
				LD_RUNPATH_SEARCH_PATHS = (
					"$(inherited)",
					"@executable_path/Frameworks",
				);
				PRODUCT_BUNDLE_IDENTIFIER = residency.poc.formAndBiologicAgePOC;
				PRODUCT_NAME = "$(TARGET_NAME)";
				SWIFT_VERSION = 5.0;
				TARGETED_DEVICE_FAMILY = 1;
			};
			name = Release;
		};
/* End XCBuildConfiguration section */

/* Begin XCConfigurationList section */
		565A400F25683F4E00591112 /* Build configuration list for PBXProject "formAndBiologicAgePOC" */ = {
			isa = XCConfigurationList;
			buildConfigurations = (
				565A402625683F5100591112 /* Debug */,
				565A402725683F5100591112 /* Release */,
			);
			defaultConfigurationIsVisible = 0;
			defaultConfigurationName = Release;
		};
		565A402825683F5100591112 /* Build configuration list for PBXNativeTarget "formAndBiologicAgePOC" */ = {
			isa = XCConfigurationList;
			buildConfigurations = (
				565A402925683F5100591112 /* Debug */,
				565A402A25683F5100591112 /* Release */,
			);
			defaultConfigurationIsVisible = 0;
			defaultConfigurationName = Release;
		};
/* End XCConfigurationList section */
	};
	rootObject = 565A400C25683F4E00591112 /* Project object */;
}
